
Microsoft Visual Studio Solution File, Format Version 12.00
# Visual Studio Version 17
VisualStudioVersion = 17.6.33801.468
MinimumVisualStudioVersion = 10.0.40219.1
Project("{FAE04EC0-301F-11D3-BF4B-00C04F79EFBC}") = "MeusHelpers", "MeusHelpers.csproj", "{47187921-0D73-429D-B2E1-767D5B2A460B}"
EndProject
Global
	GlobalSection(SolutionConfigurationPlatforms) = preSolution
		Debug|Any CPU = Debug|Any CPU
		Release|Any CPU = Release|Any CPU
	EndGlobalSection
	GlobalSection(ProjectConfigurationPlatforms) = postSolution
		{47187921-0D73-429D-B2E1-767D5B2A460B}.Debug|Any CPU.ActiveCfg = Debug|Any CPU
		{47187921-0D73-429D-B2E1-767D5B2A460B}.Debug|Any CPU.Build.0 = Debug|Any CPU
		{47187921-0D73-429D-B2E1-767D5B2A460B}.Release|Any CPU.ActiveCfg = Release|Any CPU
		{47187921-0D73-429D-B2E1-767D5B2A460B}.Release|Any CPU.Build.0 = Release|Any CPU
	EndGlobalSection
	GlobalSection(SolutionProperties) = preSolution
		HideSolutionNode = FALSE
	EndGlobalSection
	GlobalSection(ExtensibilityGlobals) = postSolution
		SolutionGuid = {2DF58A87-A8CD-4F9E-80C6-B47300A7B94E}
	EndGlobalSection
EndGlobal
